
Microsoft Visual Studio Solution File, Format Version 12.00
# Visual Studio Version 17
VisualStudioVersion = 17.0.31903.59
MinimumVisualStudioVersion = 10.0.40219.1
Project("{FAE04EC0-301F-11D3-BF4B-00C04F79EFBC}") = "SportsStore", "SportsStore\SportsStore.csproj", "{48C9545A-8343-4ED7-B9FE-DA60D751A351}"
EndProject
Project("{FAE04EC0-301F-11D3-BF4B-00C04F79EFBC}") = "SportsStore.Tests", "SportsStore.Tests\SportsStore.Tests.csproj", "{F8FA6967-CCAD-41EC-93FD-4D70DCA4B761}"
EndProject
Global
	GlobalSection(SolutionConfigurationPlatforms) = preSolution
		Debug|Any CPU = Debug|Any CPU
		Release|Any CPU = Release|Any CPU
	EndGlobalSection
	GlobalSection(SolutionProperties) = preSolution
		HideSolutionNode = FALSE
	EndGlobalSection
	GlobalSection(ProjectConfigurationPlatforms) = postSolution
		{48C9545A-8343-4ED7-B9FE-DA60D751A351}.Debug|Any CPU.ActiveCfg = Debug|Any CPU
		{48C9545A-8343-4ED7-B9FE-DA60D751A351}.Debug|Any CPU.Build.0 = Debug|Any CPU
		{48C9545A-8343-4ED7-B9FE-DA60D751A351}.Release|Any CPU.ActiveCfg = Release|Any CPU
		{48C9545A-8343-4ED7-B9FE-DA60D751A351}.Release|Any CPU.Build.0 = Release|Any CPU
		{F8FA6967-CCAD-41EC-93FD-4D70DCA4B761}.Debug|Any CPU.ActiveCfg = Debug|Any CPU
		{F8FA6967-CCAD-41EC-93FD-4D70DCA4B761}.Debug|Any CPU.Build.0 = Debug|Any CPU
		{F8FA6967-CCAD-41EC-93FD-4D70DCA4B761}.Release|Any CPU.ActiveCfg = Release|Any CPU
		{F8FA6967-CCAD-41EC-93FD-4D70DCA4B761}.Release|Any CPU.Build.0 = Release|Any CPU
	EndGlobalSection
EndGlobal
